
Microsoft Visual Studio Solution File, Format Version 12.00
# Visual Studio Version 17
VisualStudioVersion = 17.12.35527.113
MinimumVisualStudioVersion = 10.0.40219.1
Project("{9A19103F-16F7-4668-BE54-9A1E7A4F7556}") = "Lwfix-Test", "Lwfix-Test\Lwfix-Test.csproj", "{743F4D9E-A2D0-42E4-B022-55BAEE48F85A}"
EndProject
Project("{9A19103F-16F7-4668-BE54-9A1E7A4F7556}") = "Lwfix", "Lwfix\Lwfix.csproj", "{5725AD75-8038-4556-97E4-98727F057942}"
EndProject
Global
	GlobalSection(SolutionConfigurationPlatforms) = preSolution
		Debug|Any CPU = Debug|Any CPU
		Release|Any CPU = Release|Any CPU
	EndGlobalSection
	GlobalSection(ProjectConfigurationPlatforms) = postSolution
		{743F4D9E-A2D0-42E4-B022-55BAEE48F85A}.Debug|Any CPU.ActiveCfg = Debug|Any CPU
		{743F4D9E-A2D0-42E4-B022-55BAEE48F85A}.Debug|Any CPU.Build.0 = Debug|Any CPU
		{743F4D9E-A2D0-42E4-B022-55BAEE48F85A}.Release|Any CPU.ActiveCfg = Release|Any CPU
		{743F4D9E-A2D0-42E4-B022-55BAEE48F85A}.Release|Any CPU.Build.0 = Release|Any CPU
		{5725AD75-8038-4556-97E4-98727F057942}.Debug|Any CPU.ActiveCfg = Debug|Any CPU
		{5725AD75-8038-4556-97E4-98727F057942}.Debug|Any CPU.Build.0 = Debug|Any CPU
		{5725AD75-8038-4556-97E4-98727F057942}.Release|Any CPU.ActiveCfg = Release|Any CPU
		{5725AD75-8038-4556-97E4-98727F057942}.Release|Any CPU.Build.0 = Release|Any CPU
	EndGlobalSection
	GlobalSection(SolutionProperties) = preSolution
		HideSolutionNode = FALSE
	EndGlobalSection
EndGlobal
